
Microsoft Visual Studio Solution File, Format Version 12.00
# Visual Studio Version 16
VisualStudioVersion = 16.0.32428.217
MinimumVisualStudioVersion = 10.0.40219.1
Project("{F184B08F-C81C-45F6-A57F-5ABD9991F28F}") = "FoodRestaurant", "FoodRestaurant\FoodRestaurant.vbproj", "{5760D3E6-ABFA-4200-A835-A518C4F668EC}"
EndProject
Global
	GlobalSection(SolutionConfigurationPlatforms) = preSolution
		Debug|Any CPU = Debug|Any CPU
		Release|Any CPU = Release|Any CPU
	EndGlobalSection
	GlobalSection(ProjectConfigurationPlatforms) = postSolution
		{5760D3E6-ABFA-4200-A835-A518C4F668EC}.Debug|Any CPU.ActiveCfg = Debug|Any CPU
		{5760D3E6-ABFA-4200-A835-A518C4F668EC}.Debug|Any CPU.Build.0 = Debug|Any CPU
		{5760D3E6-ABFA-4200-A835-A518C4F668EC}.Release|Any CPU.ActiveCfg = Release|Any CPU
		{5760D3E6-ABFA-4200-A835-A518C4F668EC}.Release|Any CPU.Build.0 = Release|Any CPU
	EndGlobalSection
	GlobalSection(SolutionProperties) = preSolution
		HideSolutionNode = FALSE
	EndGlobalSection
	GlobalSection(ExtensibilityGlobals) = postSolution
		SolutionGuid = {27E88BE5-FC5D-4323-B691-75B6FB8FD402}
	EndGlobalSection
EndGlobal
